// !$*UTF8*$!
{
	archiveVersion = 1;
	classes = {
	};
	objectVersion = 56;
	objects = {

/* Begin PBXBuildFile section */
		920B930A2AB0173300EC7629 /* FilterView.swift in Sources */ = {isa = PBXBuildFile; fileRef = 920B93092AB0173300EC7629 /* FilterView.swift */; };
		921676FA2AB157E000A5B074 /* SortView.swift in Sources */ = {isa = PBXBuildFile; fileRef = 921676F92AB157E000A5B074 /* SortView.swift */; };
		921676FC2AB1606300A5B074 /* SortModel.swift in Sources */ = {isa = PBXBuildFile; fileRef = 921676FB2AB1606300A5B074 /* SortModel.swift */; };
		9223BED62AAF087000DFADAC /* SwiftUIImageViewer in Frameworks */ = {isa = PBXBuildFile; productRef = 9223BED52AAF087000DFADAC /* SwiftUIImageViewer */; };
		926EA5922AA82A980092D881 /* BasicNoteIOSApp.swift in Sources */ = {isa = PBXBuildFile; fileRef = 926EA5912AA82A980092D881 /* BasicNoteIOSApp.swift */; };
		926EA5962AA82A990092D881 /* Assets.xcassets in Resources */ = {isa = PBXBuildFile; fileRef = 926EA5952AA82A990092D881 /* Assets.xcassets */; };
		926EA5992AA82A990092D881 /* Preview Assets.xcassets in Resources */ = {isa = PBXBuildFile; fileRef = 926EA5982AA82A990092D881 /* Preview Assets.xcassets */; };
		926EA5A32AA82E290092D881 /* NoteModel.swift in Sources */ = {isa = PBXBuildFile; fileRef = 926EA5A22AA82E290092D881 /* NoteModel.swift */; };
		926EA5A52AA82E790092D881 /* HomeView.swift in Sources */ = {isa = PBXBuildFile; fileRef = 926EA5A42AA82E790092D881 /* HomeView.swift */; };
		926EA5A72AA82EBB0092D881 /* NoteItemRowView.swift in Sources */ = {isa = PBXBuildFile; fileRef = 926EA5A62AA82EBB0092D881 /* NoteItemRowView.swift */; };
		926EA5A92AA82ECE0092D881 /* AddItemView.swift in Sources */ = {isa = PBXBuildFile; fileRef = 926EA5A82AA82ECE0092D881 /* AddItemView.swift */; };
		926EA5AB2AA8348F0092D881 /* HomeViewModel.swift in Sources */ = {isa = PBXBuildFile; fileRef = 926EA5AA2AA8348F0092D881 /* HomeViewModel.swift */; };
		926EA5AD2AA85D150092D881 /* NoNoteDataView.swift in Sources */ = {isa = PBXBuildFile; fileRef = 926EA5AC2AA85D150092D881 /* NoNoteDataView.swift */; };
		926EA5B02AA873940092D881 /* LaunchScreen.storyboard in Resources */ = {isa = PBXBuildFile; fileRef = 926EA5AF2AA873940092D881 /* LaunchScreen.storyboard */; };
		926FBF942ACFC29100028706 /* PriorityEnum.swift in Sources */ = {isa = PBXBuildFile; fileRef = 926FBF932ACFC29100028706 /* PriorityEnum.swift */; };
		926FBF972ACFC41E00028706 /* PriorityView.swift in Sources */ = {isa = PBXBuildFile; fileRef = 926FBF962ACFC41E00028706 /* PriorityView.swift */; };
		92842C602AAB169400DD4900 /* NoteDetailView.swift in Sources */ = {isa = PBXBuildFile; fileRef = 92842C5F2AAB169400DD4900 /* NoteDetailView.swift */; };
		928E50832AB00D6F00D29756 /* FilterModel.swift in Sources */ = {isa = PBXBuildFile; fileRef = 928E50822AB00D6F00D29756 /* FilterModel.swift */; };
		928E50852AB010AE00D29756 /* FilterTag.swift in Sources */ = {isa = PBXBuildFile; fileRef = 928E50842AB010AE00D29756 /* FilterTag.swift */; };
		928E50882AB0146600D29756 /* FilterBar.swift in Sources */ = {isa = PBXBuildFile; fileRef = 928E50872AB0146600D29756 /* FilterBar.swift */; };
		92CC3B722AB7E2E3008CF9B4 /* SettingView.swift in Sources */ = {isa = PBXBuildFile; fileRef = 92CC3B712AB7E2E3008CF9B4 /* SettingView.swift */; };
		92CC3B742AB7E3BD008CF9B4 /* AppContainer.swift in Sources */ = {isa = PBXBuildFile; fileRef = 92CC3B732AB7E3BD008CF9B4 /* AppContainer.swift */; };
/* End PBXBuildFile section */

/* Begin PBXFileReference section */
		920B93092AB0173300EC7629 /* FilterView.swift */ = {isa = PBXFileReference; lastKnownFileType = sourcecode.swift; path = FilterView.swift; sourceTree = "<group>"; };
		921676F92AB157E000A5B074 /* SortView.swift */ = {isa = PBXFileReference; lastKnownFileType = sourcecode.swift; path = SortView.swift; sourceTree = "<group>"; };
		921676FB2AB1606300A5B074 /* SortModel.swift */ = {isa = PBXFileReference; lastKnownFileType = sourcecode.swift; path = SortModel.swift; sourceTree = "<group>"; };
		926EA58E2AA82A980092D881 /* BasicNoteIOS.app */ = {isa = PBXFileReference; explicitFileType = wrapper.application; includeInIndex = 0; path = BasicNoteIOS.app; sourceTree = BUILT_PRODUCTS_DIR; };
		926EA5912AA82A980092D881 /* BasicNoteIOSApp.swift */ = {isa = PBXFileReference; lastKnownFileType = sourcecode.swift; path = BasicNoteIOSApp.swift; sourceTree = "<group>"; };
		926EA5952AA82A990092D881 /* Assets.xcassets */ = {isa = PBXFileReference; lastKnownFileType = folder.assetcatalog; path = Assets.xcassets; sourceTree = "<group>"; };
		926EA5982AA82A990092D881 /* Preview Assets.xcassets */ = {isa = PBXFileReference; lastKnownFileType = folder.assetcatalog; path = "Preview Assets.xcassets"; sourceTree = "<group>"; };
		926EA5A22AA82E290092D881 /* NoteModel.swift */ = {isa = PBXFileReference; lastKnownFileType = sourcecode.swift; path = NoteModel.swift; sourceTree = "<group>"; };
		926EA5A42AA82E790092D881 /* HomeView.swift */ = {isa = PBXFileReference; lastKnownFileType = sourcecode.swift; path = HomeView.swift; sourceTree = "<group>"; };
		926EA5A62AA82EBB0092D881 /* NoteItemRowView.swift */ = {isa = PBXFileReference; lastKnownFileType = sourcecode.swift; path = NoteItemRowView.swift; sourceTree = "<group>"; };
		926EA5A82AA82ECE0092D881 /* AddItemView.swift */ = {isa = PBXFileReference; lastKnownFileType = sourcecode.swift; path = AddItemView.swift; sourceTree = "<group>"; };
		926EA5AA2AA8348F0092D881 /* HomeViewModel.swift */ = {isa = PBXFileReference; lastKnownFileType = sourcecode.swift; path = HomeViewModel.swift; sourceTree = "<group>"; };
		926EA5AC2AA85D150092D881 /* NoNoteDataView.swift */ = {isa = PBXFileReference; lastKnownFileType = sourcecode.swift; path = NoNoteDataView.swift; sourceTree = "<group>"; };
		926EA5AF2AA873940092D881 /* LaunchScreen.storyboard */ = {isa = PBXFileReference; lastKnownFileType = file.storyboard; path = LaunchScreen.storyboard; sourceTree = "<group>"; };
		926FBF932ACFC29100028706 /* PriorityEnum.swift */ = {isa = PBXFileReference; lastKnownFileType = sourcecode.swift; path = PriorityEnum.swift; sourceTree = "<group>"; };
		926FBF962ACFC41E00028706 /* PriorityView.swift */ = {isa = PBXFileReference; lastKnownFileType = sourcecode.swift; path = PriorityView.swift; sourceTree = "<group>"; };
		92842C5F2AAB169400DD4900 /* NoteDetailView.swift */ = {isa = PBXFileReference; lastKnownFileType = sourcecode.swift; path = NoteDetailView.swift; sourceTree = "<group>"; };
		928E50822AB00D6F00D29756 /* FilterModel.swift */ = {isa = PBXFileReference; lastKnownFileType = sourcecode.swift; path = FilterModel.swift; sourceTree = "<group>"; };
		928E50842AB010AE00D29756 /* FilterTag.swift */ = {isa = PBXFileReference; lastKnownFileType = sourcecode.swift; path = FilterTag.swift; sourceTree = "<group>"; };
		928E50872AB0146600D29756 /* FilterBar.swift */ = {isa = PBXFileReference; lastKnownFileType = sourcecode.swift; path = FilterBar.swift; sourceTree = "<group>"; };
		92CC3B712AB7E2E3008CF9B4 /* SettingView.swift */ = {isa = PBXFileReference; lastKnownFileType = sourcecode.swift; path = SettingView.swift; sourceTree = "<group>"; };
		92CC3B732AB7E3BD008CF9B4 /* AppContainer.swift */ = {isa = PBXFileReference; lastKnownFileType = sourcecode.swift; path = AppContainer.swift; sourceTree = "<group>"; };
/* End PBXFileReference section */

/* Begin PBXFrameworksBuildPhase section */
		926EA58B2AA82A980092D881 /* Frameworks */ = {
			isa = PBXFrameworksBuildPhase;
			buildActionMask = 2147483647;
			files = (
				9223BED62AAF087000DFADAC /* SwiftUIImageViewer in Frameworks */,
			);
			runOnlyForDeploymentPostprocessing = 0;
		};
/* End PBXFrameworksBuildPhase section */

/* Begin PBXGroup section */
		921676F82AB157C100A5B074 /* SortView */ = {
			isa = PBXGroup;
			children = (
				921676F92AB157E000A5B074 /* SortView.swift */,
			);
			path = SortView;
			sourceTree = "<group>";
		};
		926EA5852AA82A970092D881 = {
			isa = PBXGroup;
			children = (
				926EA5902AA82A980092D881 /* BasicNoteIOS */,
				926EA58F2AA82A980092D881 /* Products */,
			);
			sourceTree = "<group>";
		};
		926EA58F2AA82A980092D881 /* Products */ = {
			isa = PBXGroup;
			children = (
				926EA58E2AA82A980092D881 /* BasicNoteIOS.app */,
			);
			name = Products;
			sourceTree = "<group>";
		};
		926EA5902AA82A980092D881 /* BasicNoteIOS */ = {
			isa = PBXGroup;
			children = (
				926FBF922ACFC26100028706 /* Enums */,
				926EA5A12AA82DB20092D881 /* ViewModels */,
				926EA5A02AA82D740092D881 /* Models */,
				926EA59F2AA82D6B0092D881 /* Views */,
				926EA5912AA82A980092D881 /* BasicNoteIOSApp.swift */,
				926EA5952AA82A990092D881 /* Assets.xcassets */,
				926EA5972AA82A990092D881 /* Preview Content */,
			);
			path = BasicNoteIOS;
			sourceTree = "<group>";
		};
		926EA5972AA82A990092D881 /* Preview Content */ = {
			isa = PBXGroup;
			children = (
				926EA5982AA82A990092D881 /* Preview Assets.xcassets */,
			);
			path = "Preview Content";
			sourceTree = "<group>";
		};
		926EA59F2AA82D6B0092D881 /* Views */ = {
			isa = PBXGroup;
			children = (
				928E50862AB0141700D29756 /* FilterView */,
				921676F82AB157C100A5B074 /* SortView */,
				926FBF952ACFC3F700028706 /* PriorityView */,
				92CC3B702AB7E2BF008CF9B4 /* SettingView */,
				92CC3B6F2AB7E27A008CF9B4 /* HomeView */,
				926EA5AF2AA873940092D881 /* LaunchScreen.storyboard */,
				92CC3B732AB7E3BD008CF9B4 /* AppContainer.swift */,
			);
			path = Views;
			sourceTree = "<group>";
		};
		926EA5A02AA82D740092D881 /* Models */ = {
			isa = PBXGroup;
			children = (
				926EA5A22AA82E290092D881 /* NoteModel.swift */,
				928E50822AB00D6F00D29756 /* FilterModel.swift */,
				921676FB2AB1606300A5B074 /* SortModel.swift */,
			);
			path = Models;
			sourceTree = "<group>";
		};
		926EA5A12AA82DB20092D881 /* ViewModels */ = {
			isa = PBXGroup;
			children = (
				926EA5AA2AA8348F0092D881 /* HomeViewModel.swift */,
			);
			path = ViewModels;
			sourceTree = "<group>";
		};
		926FBF922ACFC26100028706 /* Enums */ = {
			isa = PBXGroup;
			children = (
				926FBF932ACFC29100028706 /* PriorityEnum.swift */,
			);
			path = Enums;
			sourceTree = "<group>";
		};
		926FBF952ACFC3F700028706 /* PriorityView */ = {
			isa = PBXGroup;
			children = (
				926FBF962ACFC41E00028706 /* PriorityView.swift */,
			);
			path = PriorityView;
			sourceTree = "<group>";
		};
		928E50862AB0141700D29756 /* FilterView */ = {
			isa = PBXGroup;
			children = (
				928E50842AB010AE00D29756 /* FilterTag.swift */,
				928E50872AB0146600D29756 /* FilterBar.swift */,
				920B93092AB0173300EC7629 /* FilterView.swift */,
			);
			path = FilterView;
			sourceTree = "<group>";
		};
		92CC3B6F2AB7E27A008CF9B4 /* HomeView */ = {
			isa = PBXGroup;
			children = (
				926EA5A42AA82E790092D881 /* HomeView.swift */,
				926EA5A62AA82EBB0092D881 /* NoteItemRowView.swift */,
				926EA5A82AA82ECE0092D881 /* AddItemView.swift */,
				926EA5AC2AA85D150092D881 /* NoNoteDataView.swift */,
				92842C5F2AAB169400DD4900 /* NoteDetailView.swift */,
			);
			path = HomeView;
			sourceTree = "<group>";
		};
		92CC3B702AB7E2BF008CF9B4 /* SettingView */ = {
			isa = PBXGroup;
			children = (
				92CC3B712AB7E2E3008CF9B4 /* SettingView.swift */,
			);
			path = SettingView;
			sourceTree = "<group>";
		};
/* End PBXGroup section */

/* Begin PBXNativeTarget section */
		926EA58D2AA82A980092D881 /* BasicNoteIOS */ = {
			isa = PBXNativeTarget;
			buildConfigurationList = 926EA59C2AA82A990092D881 /* Build configuration list for PBXNativeTarget "BasicNoteIOS" */;
			buildPhases = (
				926EA58A2AA82A980092D881 /* Sources */,
				926EA58B2AA82A980092D881 /* Frameworks */,
				926EA58C2AA82A980092D881 /* Resources */,
			);
			buildRules = (
			);
			dependencies = (
			);
			name = BasicNoteIOS;
			packageProductDependencies = (
				9223BED52AAF087000DFADAC /* SwiftUIImageViewer */,
			);
			productName = BasicNoteIOS;
			productReference = 926EA58E2AA82A980092D881 /* BasicNoteIOS.app */;
			productType = "com.apple.product-type.application";
		};
/* End PBXNativeTarget section */

/* Begin PBXProject section */
		926EA5862AA82A970092D881 /* Project object */ = {
			isa = PBXProject;
			attributes = {
				BuildIndependentTargetsInParallel = 1;
				LastSwiftUpdateCheck = 1410;
				LastUpgradeCheck = 1410;
				TargetAttributes = {
					926EA58D2AA82A980092D881 = {
						CreatedOnToolsVersion = 14.1;
					};
				};
			};
			buildConfigurationList = 926EA5892AA82A970092D881 /* Build configuration list for PBXProject "BasicNoteIOS" */;
			compatibilityVersion = "Xcode 14.0";
			developmentRegion = en;
			hasScannedForEncodings = 0;
			knownRegions = (
				en,
				Base,
			);
			mainGroup = 926EA5852AA82A970092D881;
			packageReferences = (
				9223BED42AAF087000DFADAC /* XCRemoteSwiftPackageReference "swiftui-image-viewer" */,
			);
			productRefGroup = 926EA58F2AA82A980092D881 /* Products */;
			projectDirPath = "";
			projectRoot = "";
			targets = (
				926EA58D2AA82A980092D881 /* BasicNoteIOS */,
			);
		};
/* End PBXProject section */

/* Begin PBXResourcesBuildPhase section */
		926EA58C2AA82A980092D881 /* Resources */ = {
			isa = PBXResourcesBuildPhase;
			buildActionMask = 2147483647;
			files = (
				926EA5B02AA873940092D881 /* LaunchScreen.storyboard in Resources */,
				926EA5992AA82A990092D881 /* Preview Assets.xcassets in Resources */,
				926EA5962AA82A990092D881 /* Assets.xcassets in Resources */,
			);
			runOnlyForDeploymentPostprocessing = 0;
		};
/* End PBXResourcesBuildPhase section */

/* Begin PBXSourcesBuildPhase section */
		926EA58A2AA82A980092D881 /* Sources */ = {
			isa = PBXSourcesBuildPhase;
			buildActionMask = 2147483647;
			files = (
				928E50882AB0146600D29756 /* FilterBar.swift in Sources */,
				928E50852AB010AE00D29756 /* FilterTag.swift in Sources */,
				926FBF972ACFC41E00028706 /* PriorityView.swift in Sources */,
				926EA5A52AA82E790092D881 /* HomeView.swift in Sources */,
				928E50832AB00D6F00D29756 /* FilterModel.swift in Sources */,
				920B930A2AB0173300EC7629 /* FilterView.swift in Sources */,
				926FBF942ACFC29100028706 /* PriorityEnum.swift in Sources */,
				926EA5AD2AA85D150092D881 /* NoNoteDataView.swift in Sources */,
				92CC3B722AB7E2E3008CF9B4 /* SettingView.swift in Sources */,
				92CC3B742AB7E3BD008CF9B4 /* AppContainer.swift in Sources */,
				926EA5A92AA82ECE0092D881 /* AddItemView.swift in Sources */,
				92842C602AAB169400DD4900 /* NoteDetailView.swift in Sources */,
				926EA5AB2AA8348F0092D881 /* HomeViewModel.swift in Sources */,
				926EA5A72AA82EBB0092D881 /* NoteItemRowView.swift in Sources */,
				921676FA2AB157E000A5B074 /* SortView.swift in Sources */,
				921676FC2AB1606300A5B074 /* SortModel.swift in Sources */,
				926EA5A32AA82E290092D881 /* NoteModel.swift in Sources */,
				926EA5922AA82A980092D881 /* BasicNoteIOSApp.swift in Sources */,
			);
			runOnlyForDeploymentPostprocessing = 0;
		};
/* End PBXSourcesBuildPhase section */

/* Begin XCBuildConfiguration section */
		926EA59A2AA82A990092D881 /* Debug */ = {
			isa = XCBuildConfiguration;
			buildSettings = {
				ALWAYS_SEARCH_USER_PATHS = NO;
				CLANG_ANALYZER_NONNULL = YES;
				CLANG_ANALYZER_NUMBER_OBJECT_CONVERSION = YES_AGGRESSIVE;
				CLANG_CXX_LANGUAGE_STANDARD = "gnu++20";
				CLANG_ENABLE_MODULES = YES;
				CLANG_ENABLE_OBJC_ARC = YES;
				CLANG_ENABLE_OBJC_WEAK = YES;
				CLANG_WARN_BLOCK_CAPTURE_AUTORELEASING = YES;
				CLANG_WARN_BOOL_CONVERSION = YES;
				CLANG_WARN_COMMA = YES;
				CLANG_WARN_CONSTANT_CONVERSION = YES;
				CLANG_WARN_DEPRECATED_OBJC_IMPLEMENTATIONS = YES;
				CLANG_WARN_DIRECT_OBJC_ISA_USAGE = YES_ERROR;
				CLANG_WARN_DOCUMENTATION_COMMENTS = YES;
				CLANG_WARN_EMPTY_BODY = YES;
				CLANG_WARN_ENUM_CONVERSION = YES;
				CLANG_WARN_INFINITE_RECURSION = YES;
				CLANG_WARN_INT_CONVERSION = YES;
				CLANG_WARN_NON_LITERAL_NULL_CONVERSION = YES;
				CLANG_WARN_OBJC_IMPLICIT_RETAIN_SELF = YES;
				CLANG_WARN_OBJC_LITERAL_CONVERSION = YES;
				CLANG_WARN_OBJC_ROOT_CLASS = YES_ERROR;
				CLANG_WARN_QUOTED_INCLUDE_IN_FRAMEWORK_HEADER = YES;
				CLANG_WARN_RANGE_LOOP_ANALYSIS = YES;
				CLANG_WARN_STRICT_PROTOTYPES = YES;
				CLANG_WARN_SUSPICIOUS_MOVE = YES;
				CLANG_WARN_UNGUARDED_AVAILABILITY = YES_AGGRESSIVE;
				CLANG_WARN_UNREACHABLE_CODE = YES;
				CLANG_WARN__DUPLICATE_METHOD_MATCH = YES;
				COPY_PHASE_STRIP = NO;
				DEBUG_INFORMATION_FORMAT = dwarf;
				ENABLE_STRICT_OBJC_MSGSEND = YES;
				ENABLE_TESTABILITY = YES;
				GCC_C_LANGUAGE_STANDARD = gnu11;
				GCC_DYNAMIC_NO_PIC = NO;
				GCC_NO_COMMON_BLOCKS = YES;
				GCC_OPTIMIZATION_LEVEL = 0;
				GCC_PREPROCESSOR_DEFINITIONS = (
					"DEBUG=1",
					"$(inherited)",
				);
				GCC_WARN_64_TO_32_BIT_CONVERSION = YES;
				GCC_WARN_ABOUT_RETURN_TYPE = YES_ERROR;
				GCC_WARN_UNDECLARED_SELECTOR = YES;
				GCC_WARN_UNINITIALIZED_AUTOS = YES_AGGRESSIVE;
				GCC_WARN_UNUSED_FUNCTION = YES;
				GCC_WARN_UNUSED_VARIABLE = YES;
				IPHONEOS_DEPLOYMENT_TARGET = 16.1;
				MTL_ENABLE_DEBUG_INFO = INCLUDE_SOURCE;
				MTL_FAST_MATH = YES;
				ONLY_ACTIVE_ARCH = YES;
				SDKROOT = iphoneos;
				SWIFT_ACTIVE_COMPILATION_CONDITIONS = DEBUG;
				SWIFT_OPTIMIZATION_LEVEL = "-Onone";
			};
			name = Debug;
		};
		926EA59B2AA82A990092D881 /* Release */ = {
			isa = XCBuildConfiguration;
			buildSettings = {
				ALWAYS_SEARCH_USER_PATHS = NO;
				CLANG_ANALYZER_NONNULL = YES;
				CLANG_ANALYZER_NUMBER_OBJECT_CONVERSION = YES_AGGRESSIVE;
				CLANG_CXX_LANGUAGE_STANDARD = "gnu++20";
				CLANG_ENABLE_MODULES = YES;
				CLANG_ENABLE_OBJC_ARC = YES;
				CLANG_ENABLE_OBJC_WEAK = YES;
				CLANG_WARN_BLOCK_CAPTURE_AUTORELEASING = YES;
				CLANG_WARN_BOOL_CONVERSION = YES;
				CLANG_WARN_COMMA = YES;
				CLANG_WARN_CONSTANT_CONVERSION = YES;
				CLANG_WARN_DEPRECATED_OBJC_IMPLEMENTATIONS = YES;
				CLANG_WARN_DIRECT_OBJC_ISA_USAGE = YES_ERROR;
				CLANG_WARN_DOCUMENTATION_COMMENTS = YES;
				CLANG_WARN_EMPTY_BODY = YES;
				CLANG_WARN_ENUM_CONVERSION = YES;
				CLANG_WARN_INFINITE_RECURSION = YES;
				CLANG_WARN_INT_CONVERSION = YES;
				CLANG_WARN_NON_LITERAL_NULL_CONVERSION = YES;
				CLANG_WARN_OBJC_IMPLICIT_RETAIN_SELF = YES;
				CLANG_WARN_OBJC_LITERAL_CONVERSION = YES;
				CLANG_WARN_OBJC_ROOT_CLASS = YES_ERROR;
				CLANG_WARN_QUOTED_INCLUDE_IN_FRAMEWORK_HEADER = YES;
				CLANG_WARN_RANGE_LOOP_ANALYSIS = YES;
				CLANG_WARN_STRICT_PROTOTYPES = YES;
				CLANG_WARN_SUSPICIOUS_MOVE = YES;
				CLANG_WARN_UNGUARDED_AVAILABILITY = YES_AGGRESSIVE;
				CLANG_WARN_UNREACHABLE_CODE = YES;
				CLANG_WARN__DUPLICATE_METHOD_MATCH = YES;
				COPY_PHASE_STRIP = NO;
				DEBUG_INFORMATION_FORMAT = "dwarf-with-dsym";
				ENABLE_NS_ASSERTIONS = NO;
				ENABLE_STRICT_OBJC_MSGSEND = YES;
				GCC_C_LANGUAGE_STANDARD = gnu11;
				GCC_NO_COMMON_BLOCKS = YES;
				GCC_WARN_64_TO_32_BIT_CONVERSION = YES;
				GCC_WARN_ABOUT_RETURN_TYPE = YES_ERROR;
				GCC_WARN_UNDECLARED_SELECTOR = YES;
				GCC_WARN_UNINITIALIZED_AUTOS = YES_AGGRESSIVE;
				GCC_WARN_UNUSED_FUNCTION = YES;
				GCC_WARN_UNUSED_VARIABLE = YES;
				IPHONEOS_DEPLOYMENT_TARGET = 16.1;
				MTL_ENABLE_DEBUG_INFO = NO;
				MTL_FAST_MATH = YES;
				SDKROOT = iphoneos;
				SWIFT_COMPILATION_MODE = wholemodule;
				SWIFT_OPTIMIZATION_LEVEL = "-O";
				VALIDATE_PRODUCT = YES;
			};
			name = Release;
		};
		926EA59D2AA82A990092D881 /* Debug */ = {
			isa = XCBuildConfiguration;
			buildSettings = {
				ASSETCATALOG_COMPILER_APPICON_NAME = AppIcon;
				ASSETCATALOG_COMPILER_GLOBAL_ACCENT_COLOR_NAME = AccentColor;
				CODE_SIGN_STYLE = Automatic;
				CURRENT_PROJECT_VERSION = 1;
				DEVELOPMENT_ASSET_PATHS = "\"BasicNoteIOS/Preview Content\"";
				ENABLE_PREVIEWS = YES;
				GENERATE_INFOPLIST_FILE = YES;
				INFOPLIST_FILE = BasicNoteIOS/Info.plist;
				INFOPLIST_KEY_CFBundleDisplayName = "Do stuff";
				INFOPLIST_KEY_UIApplicationSceneManifest_Generation = YES;
				INFOPLIST_KEY_UIApplicationSupportsIndirectInputEvents = YES;
				INFOPLIST_KEY_UILaunchStoryboardName = LaunchScreen.storyboard;
				INFOPLIST_KEY_UISupportedInterfaceOrientations_iPad = "UIInterfaceOrientationPortrait UIInterfaceOrientationPortraitUpsideDown UIInterfaceOrientationLandscapeLeft UIInterfaceOrientationLandscapeRight";
				INFOPLIST_KEY_UISupportedInterfaceOrientations_iPhone = "UIInterfaceOrientationPortrait UIInterfaceOrientationLandscapeLeft UIInterfaceOrientationLandscapeRight";
				LD_RUNPATH_SEARCH_PATHS = (
					"$(inherited)",
					"@executable_path/Frameworks",
				);
				MARKETING_VERSION = 1.0;
				PRODUCT_BUNDLE_IDENTIFIER = hanbiro.BasicNoteIOS;
				PRODUCT_NAME = "$(TARGET_NAME)";
				SWIFT_EMIT_LOC_STRINGS = YES;
				SWIFT_VERSION = 5.0;
				TARGETED_DEVICE_FAMILY = "1,2";
			};
			name = Debug;
		};
		926EA59E2AA82A990092D881 /* Release */ = {
			isa = XCBuildConfiguration;
			buildSettings = {
				ASSETCATALOG_COMPILER_APPICON_NAME = AppIcon;
				ASSETCATALOG_COMPILER_GLOBAL_ACCENT_COLOR_NAME = AccentColor;
				CODE_SIGN_STYLE = Automatic;
				CURRENT_PROJECT_VERSION = 1;
				DEVELOPMENT_ASSET_PATHS = "\"BasicNoteIOS/Preview Content\"";
				ENABLE_PREVIEWS = YES;
				GENERATE_INFOPLIST_FILE = YES;
				INFOPLIST_FILE = BasicNoteIOS/Info.plist;
				INFOPLIST_KEY_CFBundleDisplayName = "Do stuff";
				INFOPLIST_KEY_UIApplicationSceneManifest_Generation = YES;
				INFOPLIST_KEY_UIApplicationSupportsIndirectInputEvents = YES;
				INFOPLIST_KEY_UILaunchStoryboardName = LaunchScreen.storyboard;
				INFOPLIST_KEY_UISupportedInterfaceOrientations_iPad = "UIInterfaceOrientationPortrait UIInterfaceOrientationPortraitUpsideDown UIInterfaceOrientationLandscapeLeft UIInterfaceOrientationLandscapeRight";
				INFOPLIST_KEY_UISupportedInterfaceOrientations_iPhone = "UIInterfaceOrientationPortrait UIInterfaceOrientationLandscapeLeft UIInterfaceOrientationLandscapeRight";
				LD_RUNPATH_SEARCH_PATHS = (
					"$(inherited)",
					"@executable_path/Frameworks",
				);
				MARKETING_VERSION = 1.0;
				PRODUCT_BUNDLE_IDENTIFIER = hanbiro.BasicNoteIOS;
				PRODUCT_NAME = "$(TARGET_NAME)";
				SWIFT_EMIT_LOC_STRINGS = YES;
				SWIFT_VERSION = 5.0;
				TARGETED_DEVICE_FAMILY = "1,2";
			};
			name = Release;
		};
/* End XCBuildConfiguration section */

/* Begin XCConfigurationList section */
		926EA5892AA82A970092D881 /* Build configuration list for PBXProject "BasicNoteIOS" */ = {
			isa = XCConfigurationList;
			buildConfigurations = (
				926EA59A2AA82A990092D881 /* Debug */,
				926EA59B2AA82A990092D881 /* Release */,
			);
			defaultConfigurationIsVisible = 0;
			defaultConfigurationName = Release;
		};
		926EA59C2AA82A990092D881 /* Build configuration list for PBXNativeTarget "BasicNoteIOS" */ = {
			isa = XCConfigurationList;
			buildConfigurations = (
				926EA59D2AA82A990092D881 /* Debug */,
				926EA59E2AA82A990092D881 /* Release */,
			);
			defaultConfigurationIsVisible = 0;
			defaultConfigurationName = Release;
		};
/* End XCConfigurationList section */

/* Begin XCRemoteSwiftPackageReference section */
		9223BED42AAF087000DFADAC /* XCRemoteSwiftPackageReference "swiftui-image-viewer" */ = {
			isa = XCRemoteSwiftPackageReference;
			repositoryURL = "https://github.com/fuzzzlove/swiftui-image-viewer.git";
			requirement = {
				kind = upToNextMajorVersion;
				minimumVersion = 1.0.0;
			};
		};
/* End XCRemoteSwiftPackageReference section */

/* Begin XCSwiftPackageProductDependency section */
		9223BED52AAF087000DFADAC /* SwiftUIImageViewer */ = {
			isa = XCSwiftPackageProductDependency;
			package = 9223BED42AAF087000DFADAC /* XCRemoteSwiftPackageReference "swiftui-image-viewer" */;
			productName = SwiftUIImageViewer;
		};
/* End XCSwiftPackageProductDependency section */
	};
	rootObject = 926EA5862AA82A970092D881 /* Project object */;
}
